schema: '2.0'
stages:
  wayland:
    cmd: llm_learning extract data/raw/Wayland-MA.pdf
    deps:
    - path: data/raw/Wayland-MA.pdf
      hash: md5
      md5: 5188dbbc5e9ce128975d950b569805ee
      size: 423409
    outs:
    - path: data/processed/Wayland-MA-actions.csv
      hash: md5
      md5: b77312f62b8ca095e2a1f42ddde72720
      size: 9584
    - path: data/processed/Wayland-MA-goals.csv
      hash: md5
      md5: 707afe9f08c60a0e2f0b0d374804fd65
      size: 3051
    - path: data/processed/Wayland-MA-strategies.csv
      hash: md5
      md5: 7533278d4f0e65d0fd0032951d55223a
      size: 5545
  ashland:
    cmd: llm_learning data/raw/Ashland-MA.pdf
    deps:
    - path: data/raw/Ashland-MA.pdf
      hash: md5
      md5: 5653c2456f4e019c994cb67786cf87c2
      size: 3887273
    outs:
    - path: data/processed/Ashland-MA-actions.csv
      hash: md5
      md5: 238fd1500fccea208cf5696fd7982f23
      size: 5237
    - path: data/processed/Ashland-MA-goals.csv
      hash: md5
      md5: f1279e4ef7845854220dd06beb08dd3a
      size: 3159
    - path: data/processed/Ashland-MA-strategies.csv
      hash: md5
      md5: 1c7bd6fd53326736b4cd8d6277f298e1
      size: 5263
