schema: '2.0'
stages:
  wayland:
    cmd: llm_learning --llm-model gpt-4o --context-length 8192 data/raw/Wayland-MA.pdf
    deps:
    - path: data/raw/Wayland-MA.pdf
      hash: md5
      md5: 5188dbbc5e9ce128975d950b569805ee
      size: 423409
    - path: llm_learning/analyze.py
      hash: md5
      md5: 7cde50ab6a3113c0ae794697ac8a1307
      size: 12982
    params:
      params.yaml:
        llm_model: gpt-4o
    outs:
    - path: data/processed/Wayland-MA-actions.csv
      hash: md5
      md5: abe4a457f7c932f3d6b0bc6988c426f6
      size: 31399
    - path: data/processed/Wayland-MA-goals.csv
      hash: md5
      md5: 87a6de7b712ecc226ea6f8d2df682094
      size: 3858
    - path: data/processed/Wayland-MA.json
      hash: md5
      md5: 06b446260f44b2d5db43a54296a84a1b
      size: 108339
    - path: dvclive/plots/metrics/Wayland-MA
      hash: md5
      md5: 4874e57ce81387a1b378619910bb0d7b.dir
      size: 88
      nfiles: 3
  ashland:
    cmd: llm_learning --llm-model gpt-4o --context-length 8192 data/raw/Ashland-MA.pdf
    deps:
    - path: data/raw/Ashland-MA.pdf
      hash: md5
      md5: 5653c2456f4e019c994cb67786cf87c2
      size: 3887273
    - path: llm_learning/analyze.py
      hash: md5
      md5: 7cde50ab6a3113c0ae794697ac8a1307
      size: 12982
    params:
      params.yaml:
        llm_model: gpt-4o
    outs:
    - path: data/processed/Ashland-MA-actions.csv
      hash: md5
      md5: 8116b5853e186eb14271cbd94a250d61
      size: 2780
    - path: data/processed/Ashland-MA-goals.csv
      hash: md5
      md5: 0a1922fb4570132ce2013364bf53c5f9
      size: 262
    - path: data/processed/Ashland-MA.json
      hash: md5
      md5: a9a5d669fdfd4c90fc82d9008efd9de4
      size: 32744
    - path: dvclive/plots/metrics/Ashland-MA
      hash: md5
      md5: d4dbdd6ecd6c48b7028bd1bef5a363ae.dir
      size: 86
      nfiles: 3
  melrose:
    cmd: llm_learning --llm-model gpt-4o --context-length 8192 data/raw/Melrose-MA.pdf
    deps:
    - path: data/raw/Melrose-MA.pdf
      hash: md5
      md5: 07f15084c49aafe64d4f511c393f7e99
      size: 29687022
    - path: llm_learning/analyze.py
      hash: md5
      md5: 7cde50ab6a3113c0ae794697ac8a1307
      size: 12982
    params:
      params.yaml:
        llm_model: gpt-4o
    outs:
    - path: data/processed/Melrose-MA-actions.csv
      hash: md5
      md5: acfc6b2ded2e450957bdcdcc7f3ab7f5
      size: 29957
    - path: data/processed/Melrose-MA-goals.csv
      hash: md5
      md5: 77d1c83ef23691105e281fa3c95ee562
      size: 6889
    - path: data/processed/Melrose-MA.json
      hash: md5
      md5: 3b2380d4a0586e6169b612984a9cedc4
      size: 152354
    - path: dvclive/plots/metrics/Melrose-MA
      hash: md5
      md5: f3003013e35377d2dbb3f2c0805ac495.dir
      size: 88
      nfiles: 3
  towns@Boston-MA:
    cmd: llm_learning --llm-model gpt-4o --context-length 4096 data/raw/Boston-MA.pdf
    deps:
    - path: data/raw/Boston-MA.pdf
      hash: md5
      md5: 26fb53392fa6d63d492c44991674fe94
      size: 59273615
    - path: llm_learning/analyze.py
      hash: md5
      md5: 6daa4fb6c9c3700e7e3b73d412e3d843
      size: 13297
    params:
      params.yaml:
        llm_model: gpt-4o
    outs:
    - path: data/processed/Boston-MA-actions.csv
      hash: md5
      md5: 79ca687aed88ef783a3c66bcafed9a9c
      size: 51866
    - path: data/processed/Boston-MA-goals.csv
      hash: md5
      md5: 7381f7bc583d3b8aabaa7719a071ce59
      size: 9123
    - path: data/processed/Boston-MA.json
      hash: md5
      md5: 4ab7896e21a81e9248fd772da40e2bf0
      size: 264319
    - path: metrics/Boston-MA/
      hash: md5
      md5: 1f186effd838edf62baf111b90a78b1a.dir
      size: 221
      nfiles: 4
  towns@Acton-MA:
    cmd: llm_learning --llm-model gpt-4o --context-length 4096 data/raw/Acton-MA.pdf
    deps:
    - path: data/raw/Acton-MA.pdf
      hash: md5
      md5: 2b0ea19f3c2913ea56bb6e24a25d3f43
      size: 4192834
    - path: llm_learning/analyze.py
      hash: md5
      md5: 6daa4fb6c9c3700e7e3b73d412e3d843
      size: 13297
    params:
      params.yaml:
        llm_model: gpt-4o
    outs:
    - path: data/processed/Acton-MA-actions.csv
      hash: md5
      md5: 5ded05febaf630b22c215c5de0e7f126
      size: 29656
    - path: data/processed/Acton-MA-goals.csv
      hash: md5
      md5: 572e35b743bdcb8a117d84366170cad4
      size: 5350
    - path: data/processed/Acton-MA.json
      hash: md5
      md5: 95265b4f080d53095ca1504b2ed10286
      size: 151824
    - path: metrics/Acton-MA/
      hash: md5
      md5: 47316bc7e39e8273a6b434be603549ac.dir
      size: 218
      nfiles: 4
  towns@Amherst-MA:
    cmd: llm_learning --llm-model gpt-4o --context-length 4096 data/raw/Amherst-MA.pdf
    deps:
    - path: data/raw/Amherst-MA.pdf
      hash: md5
      md5: 64da848d2bed1b69ea450dc8c64a37b0
      size: 46261699
    - path: llm_learning/analyze.py
      hash: md5
      md5: 6daa4fb6c9c3700e7e3b73d412e3d843
      size: 13297
    params:
      params.yaml:
        llm_model: gpt-4o
    outs:
    - path: data/processed/Amherst-MA-actions.csv
      hash: md5
      md5: 64ee9d297ec6805ea674071d63c55a37
      size: 81238
    - path: data/processed/Amherst-MA-goals.csv
      hash: md5
      md5: bc0df004bcdc109da80dbc3a0278d94b
      size: 15322
    - path: data/processed/Amherst-MA.json
      hash: md5
      md5: 0f5104f8d97153cc7a8b2487f0e9ac88
      size: 417438
    - path: metrics/Amherst-MA/
      hash: md5
      md5: 8bb10b3960f74035620306bfe6e32769.dir
      size: 222
      nfiles: 4
  towns@Arlington-MA:
    cmd: llm_learning --llm-model gpt-4o --context-length 4096 data/raw/Arlington-MA.pdf
    deps:
    - path: data/raw/Arlington-MA.pdf
      hash: md5
      md5: 472e0ec896eeb10d68c8d1f56cc5f054
      size: 1957199
    - path: llm_learning/analyze.py
      hash: md5
      md5: 6daa4fb6c9c3700e7e3b73d412e3d843
      size: 13297
    params:
      params.yaml:
        llm_model: gpt-4o
    outs:
    - path: data/processed/Arlington-MA-actions.csv
      hash: md5
      md5: c0b51001e15a0027668cf9b2fb3070dd
      size: 36812
    - path: data/processed/Arlington-MA-goals.csv
      hash: md5
      md5: 9e0aae13f417685363418518c26182b0
      size: 5605
    - path: data/processed/Arlington-MA.json
      hash: md5
      md5: 64be35c0b9309ffcb6596a1eeca67d25
      size: 181006
    - path: metrics/Arlington-MA/
      hash: md5
      md5: 4a7b8c207b40d73f6a38abe552ea94c9.dir
      size: 222
      nfiles: 4
  towns@Ashland-MA:
    cmd: llm_learning --llm-model gpt-4o --context-length 4096 data/raw/Ashland-MA.pdf
    deps:
    - path: data/raw/Ashland-MA.pdf
      hash: md5
      md5: 5653c2456f4e019c994cb67786cf87c2
      size: 3887273
    - path: llm_learning/analyze.py
      hash: md5
      md5: 6daa4fb6c9c3700e7e3b73d412e3d843
      size: 13297
    params:
      params.yaml:
        llm_model: gpt-4o
    outs:
    - path: data/processed/Ashland-MA-actions.csv
      hash: md5
      md5: 77f11369f6631b5a18526763f6caa7bd
      size: 12762
    - path: data/processed/Ashland-MA-goals.csv
      hash: md5
      md5: 976c2379bad24db7c129ffcfd81278fe
      size: 264
    - path: data/processed/Ashland-MA.json
      hash: md5
      md5: 52f9fa0713aad1fcbe4f2513a66b2313
      size: 44761
    - path: metrics/Ashland-MA/
      hash: md5
      md5: 7de643341ca175f9df7900484529a3d7.dir
      size: 216
      nfiles: 4
