schema: '2.0'
stages:
  wayland:
    cmd: llm_learning extract data/raw/Wayland-MA.pdf
    deps:
    - path: data/raw/Wayland-MA.pdf
      hash: md5
      md5: 5188dbbc5e9ce128975d950b569805ee
      size: 423409
    - path: llm_learning/analyze.py
      hash: md5
      md5: 21f80ad0e500a7434312af836b573c4d
      size: 10559
    outs:
    - path: data/processed/Wayland-MA-actions.csv
      hash: md5
      md5: ee4699e120240e66ba30050df6f87634
      size: 15364
    - path: data/processed/Wayland-MA-goals.csv
      hash: md5
      md5: 1d540f8c53193ef945a33f874daa017c
      size: 5179
    - path: data/processed/Wayland-MA-strategies.csv
      hash: md5
      md5: 7a70b62bf4a6a68b0010ebc6619684df
      size: 8896
    - path: data/processed/Wayland-MA.json
      hash: md5
      md5: 999c628b8fed7aadd9b5d3b66fdd4883
      size: 95176
  ashland:
    cmd: llm_learning extract data/raw/Ashland-MA.pdf
    deps:
    - path: data/raw/Ashland-MA.pdf
      hash: md5
      md5: 5653c2456f4e019c994cb67786cf87c2
      size: 3887273
    - path: llm_learning/analyze.py
      hash: md5
      md5: 21f80ad0e500a7434312af836b573c4d
      size: 10559
    outs:
    - path: data/processed/Ashland-MA-actions.csv
      hash: md5
      md5: 6bc8addb6745a7df7440e6245830a1fe
      size: 3132
    - path: data/processed/Ashland-MA-goals.csv
      hash: md5
      md5: 1bd637790ad0a03258d967901ca923a1
      size: 9745
    - path: data/processed/Ashland-MA-strategies.csv
      hash: md5
      md5: f1ce7476de651987e8a2612b2338bc7b
      size: 17110
    - path: data/processed/Ashland-MA.json
      hash: md5
      md5: d49c3eacbfc949d7d27797b2280b5753
      size: 67058
  melrose:
    cmd: llm_learning extract data/raw/Melrose-MA.pdf
    deps:
    - path: data/raw/Melrose-MA.pdf
      hash: md5
      md5: 07f15084c49aafe64d4f511c393f7e99
      size: 29687022
    - path: llm_learning/analyze.py
      hash: md5
      md5: 21f80ad0e500a7434312af836b573c4d
      size: 10559
    outs:
    - path: data/processed/Melrose-MA-actions.csv
      hash: md5
      md5: 58bcbbd3e6d6fb648bf93356243d3101
      size: 34378
    - path: data/processed/Melrose-MA-goals.csv
      hash: md5
      md5: 58097bd95f862f78655daf88559b398a
      size: 10709
    - path: data/processed/Melrose-MA-strategies.csv
      hash: md5
      md5: 8388abf8c85023bf1b4f1fc2620e45d4
      size: 38612
    - path: data/processed/Melrose-MA.json
      hash: md5
      md5: 71a319134e53ec9b20a5a92d08a19592
      size: 197237
